
Microsoft Visual Studio Solution File, Format Version 12.00
# Visual Studio Version 16
VisualStudioVersion = 16.0.30002.166
MinimumVisualStudioVersion = 10.0.40219.1
Project("{FAE04EC0-301F-11D3-BF4B-00C04F79EFBC}") = "Demokratianweb", "Demokratianweb.csproj", "{29079D8F-F362-4731-860F-779EA1E60BFF}"
EndProject
Global
	GlobalSection(SolutionConfigurationPlatforms) = preSolution
		Debug|Any CPU = Debug|Any CPU
		Release|Any CPU = Release|Any CPU
	EndGlobalSection
	GlobalSection(ProjectConfigurationPlatforms) = postSolution
		{29079D8F-F362-4731-860F-779EA1E60BFF}.Debug|Any CPU.ActiveCfg = Debug|Any CPU
		{29079D8F-F362-4731-860F-779EA1E60BFF}.Debug|Any CPU.Build.0 = Debug|Any CPU
		{29079D8F-F362-4731-860F-779EA1E60BFF}.Release|Any CPU.ActiveCfg = Release|Any CPU
		{29079D8F-F362-4731-860F-779EA1E60BFF}.Release|Any CPU.Build.0 = Release|Any CPU
	EndGlobalSection
	GlobalSection(SolutionProperties) = preSolution
		HideSolutionNode = FALSE
	EndGlobalSection
	GlobalSection(ExtensibilityGlobals) = postSolution
		SolutionGuid = {27C7D6D5-490A-469C-B5E0-6046AE91CB41}
	EndGlobalSection
EndGlobal
